
Microsoft Visual Studio Solution File, Format Version 12.00
# Visual Studio Version 17
VisualStudioVersion = 17.5.002.0
MinimumVisualStudioVersion = 10.0.40219.1
Project("{9A19103F-16F7-4668-BE54-9A1E7A4F7556}") = "app", "api_csharp\app.csproj", "{F3A4BC42-DE21-4B91-8FEF-A5D575F30EA2}"
EndProject
Global
	GlobalSection(SolutionConfigurationPlatforms) = preSolution
		Debug|Any CPU = Debug|Any CPU
		Release|Any CPU = Release|Any CPU
	EndGlobalSection
	GlobalSection(ProjectConfigurationPlatforms) = postSolution
		{F3A4BC42-DE21-4B91-8FEF-A5D575F30EA2}.Debug|Any CPU.ActiveCfg = Debug|Any CPU
		{F3A4BC42-DE21-4B91-8FEF-A5D575F30EA2}.Debug|Any CPU.Build.0 = Debug|Any CPU
		{F3A4BC42-DE21-4B91-8FEF-A5D575F30EA2}.Release|Any CPU.ActiveCfg = Release|Any CPU
		{F3A4BC42-DE21-4B91-8FEF-A5D575F30EA2}.Release|Any CPU.Build.0 = Release|Any CPU
	EndGlobalSection
	GlobalSection(SolutionProperties) = preSolution
		HideSolutionNode = FALSE
	EndGlobalSection
	GlobalSection(ExtensibilityGlobals) = postSolution
		SolutionGuid = {1A96CA09-7102-49E7-8599-32352ABFD940}
	EndGlobalSection
EndGlobal
